
Microsoft Visual Studio Solution File, Format Version 12.00
# Visual Studio Version 17
VisualStudioVersion = 17.7.34024.191
MinimumVisualStudioVersion = 10.0.40219.1
Project("{8BC9CEB8-8B4A-11D0-8D11-00A0C91BC942}") = "1-1", "20202717 안규태\20202717 안규태.vcxproj", "{E2C47566-EAE3-40B5-B261-F945EC4C909B}"
EndProject
Project("{8BC9CEB8-8B4A-11D0-8D11-00A0C91BC942}") = "1-2", "1-2\1-2.vcxproj", "{86E62B47-AAD5-4DF2-B089-DDC0EFC41761}"
EndProject
Project("{8BC9CEB8-8B4A-11D0-8D11-00A0C91BC942}") = "1-3", "1-3\1-3.vcxproj", "{13D64A61-B5C6-47BB-AED6-1A9164B8F50F}"
EndProject
Project("{8BC9CEB8-8B4A-11D0-8D11-00A0C91BC942}") = "1-4", "1-4\1-4.vcxproj", "{AE9D44E4-4F1F-4125-8AFA-6C829FEE61DC}"
EndProject
Project("{8BC9CEB8-8B4A-11D0-8D11-00A0C91BC942}") = "1-5", "1-5\1-5.vcxproj", "{B3D13383-D90C-4CF8-89C0-88E354A0819A}"
EndProject
Project("{8BC9CEB8-8B4A-11D0-8D11-00A0C91BC942}") = "1-6", "1-6\1-6.vcxproj", "{AB64949D-BEC6-40FB-92B5-DE3465F1BA66}"
EndProject
Project("{8BC9CEB8-8B4A-11D0-8D11-00A0C91BC942}") = "2-1", "2-1\2-1.vcxproj", "{276C0AE2-2FAD-4817-B874-2B3D0E6D517A}"
EndProject
Project("{8BC9CEB8-8B4A-11D0-8D11-00A0C91BC942}") = "2-2", "2-2\2-2.vcxproj", "{63B70875-EB7B-47DF-8BD0-25A0203D92F0}"
EndProject
Project("{8BC9CEB8-8B4A-11D0-8D11-00A0C91BC942}") = "2-3", "2-3\2-3.vcxproj", "{073CA115-D90D-443B-B4BE-3F71C0124836}"
EndProject
Project("{8BC9CEB8-8B4A-11D0-8D11-00A0C91BC942}") = "2-4", "2-4\2-4.vcxproj", "{811DBF1B-061C-4778-AD11-C05775070DED}"
EndProject
Project("{8BC9CEB8-8B4A-11D0-8D11-00A0C91BC942}") = "2-5", "2-5\2-5.vcxproj", "{AACB2134-9CE9-4CBD-A007-9B9655D7D2DE}"
EndProject
Project("{8BC9CEB8-8B4A-11D0-8D11-00A0C91BC942}") = "2-6", "2-6\2-6.vcxproj", "{7B915FFE-976B-4427-AEC8-24FDBEC8EEEE}"
EndProject
Project("{8BC9CEB8-8B4A-11D0-8D11-00A0C91BC942}") = "2-7", "2-7\2-7.vcxproj", "{BB1BCB5F-8B0C-4BCC-90F0-22FF38296705}"
EndProject
Project("{8BC9CEB8-8B4A-11D0-8D11-00A0C91BC942}") = "3-1", "3-1\3-1.vcxproj", "{0518F31C-BB73-4965-81AB-067E2BBF8043}"
EndProject
Project("{8BC9CEB8-8B4A-11D0-8D11-00A0C91BC942}") = "3-2", "3-2\3-2.vcxproj", "{F85449A5-6B95-4203-B5D1-CC4E17B2CFAD}"
EndProject
Project("{8BC9CEB8-8B4A-11D0-8D11-00A0C91BC942}") = "3-3", "3-3\3-3.vcxproj", "{1313D3CE-4F5A-4440-817B-A149CD5AB4E5}"
EndProject
Project("{8BC9CEB8-8B4A-11D0-8D11-00A0C91BC942}") = "3-4", "3-4\3-4.vcxproj", "{7DFAFE68-76FF-4F72-A347-463AD110D1F1}"
EndProject
Project("{8BC9CEB8-8B4A-11D0-8D11-00A0C91BC942}") = "4-1", "4-1\4-1.vcxproj", "{03B187FB-E73D-485E-8D9D-409FDB6E7EBD}"
EndProject
Project("{8BC9CEB8-8B4A-11D0-8D11-00A0C91BC942}") = "4-2", "4-2\4-2.vcxproj", "{3E1A81AB-C365-42E6-9FE4-6509C6B488F0}"
EndProject
Project("{8BC9CEB8-8B4A-11D0-8D11-00A0C91BC942}") = "5-1", "5-1\5-1.vcxproj", "{F4F4C576-818C-4CDB-8DB8-B2142849A673}"
EndProject
Project("{8BC9CEB8-8B4A-11D0-8D11-00A0C91BC942}") = "5-2", "5-2\5-2.vcxproj", "{2E9424CC-74B2-464D-82D2-2084B70749E3}"
EndProject
Project("{8BC9CEB8-8B4A-11D0-8D11-00A0C91BC942}") = "5-3", "5-3\5-3.vcxproj", "{1CD7A1F6-A82F-4895-9E63-1CA5BD340E43}"
EndProject
Project("{8BC9CEB8-8B4A-11D0-8D11-00A0C91BC942}") = "6-1", "6-1\6-1.vcxproj", "{973E731E-8F01-41CF-BF29-CEC186F39075}"
EndProject
Project("{8BC9CEB8-8B4A-11D0-8D11-00A0C91BC942}") = "6-2", "6-2\6-2.vcxproj", "{17DD28C5-DBBB-4859-83B1-749B5ABBFDE8}"
EndProject
Project("{8BC9CEB8-8B4A-11D0-8D11-00A0C91BC942}") = "6-3", "6-3\6-3.vcxproj", "{1196D78F-E753-46BC-86A2-7EBD451BE466}"
EndProject
Project("{8BC9CEB8-8B4A-11D0-8D11-00A0C91BC942}") = "6-4", "6-4\6-4.vcxproj", "{93D2D074-703E-4384-9F1B-B1DE1245B7D0}"
EndProject
Global
	GlobalSection(SolutionConfigurationPlatforms) = preSolution
		Debug|x64 = Debug|x64
		Debug|x86 = Debug|x86
		Release|x64 = Release|x64
		Release|x86 = Release|x86
	EndGlobalSection
	GlobalSection(ProjectConfigurationPlatforms) = postSolution
		{E2C47566-EAE3-40B5-B261-F945EC4C909B}.Debug|x64.ActiveCfg = Debug|x64
		{E2C47566-EAE3-40B5-B261-F945EC4C909B}.Debug|x64.Build.0 = Debug|x64
		{E2C47566-EAE3-40B5-B261-F945EC4C909B}.Debug|x86.ActiveCfg = Debug|Win32
		{E2C47566-EAE3-40B5-B261-F945EC4C909B}.Debug|x86.Build.0 = Debug|Win32
		{E2C47566-EAE3-40B5-B261-F945EC4C909B}.Release|x64.ActiveCfg = Release|x64
		{E2C47566-EAE3-40B5-B261-F945EC4C909B}.Release|x64.Build.0 = Release|x64
		{E2C47566-EAE3-40B5-B261-F945EC4C909B}.Release|x86.ActiveCfg = Release|Win32
		{E2C47566-EAE3-40B5-B261-F945EC4C909B}.Release|x86.Build.0 = Release|Win32
		{86E62B47-AAD5-4DF2-B089-DDC0EFC41761}.Debug|x64.ActiveCfg = Debug|x64
		{86E62B47-AAD5-4DF2-B089-DDC0EFC41761}.Debug|x64.Build.0 = Debug|x64
		{86E62B47-AAD5-4DF2-B089-DDC0EFC41761}.Debug|x86.ActiveCfg = Debug|Win32
		{86E62B47-AAD5-4DF2-B089-DDC0EFC41761}.Debug|x86.Build.0 = Debug|Win32
		{86E62B47-AAD5-4DF2-B089-DDC0EFC41761}.Release|x64.ActiveCfg = Release|x64
		{86E62B47-AAD5-4DF2-B089-DDC0EFC41761}.Release|x64.Build.0 = Release|x64
		{86E62B47-AAD5-4DF2-B089-DDC0EFC41761}.Release|x86.ActiveCfg = Release|Win32
		{86E62B47-AAD5-4DF2-B089-DDC0EFC41761}.Release|x86.Build.0 = Release|Win32
		{13D64A61-B5C6-47BB-AED6-1A9164B8F50F}.Debug|x64.ActiveCfg = Debug|x64
		{13D64A61-B5C6-47BB-AED6-1A9164B8F50F}.Debug|x64.Build.0 = Debug|x64
		{13D64A61-B5C6-47BB-AED6-1A9164B8F50F}.Debug|x86.ActiveCfg = Debug|Win32
		{13D64A61-B5C6-47BB-AED6-1A9164B8F50F}.Debug|x86.Build.0 = Debug|Win32
		{13D64A61-B5C6-47BB-AED6-1A9164B8F50F}.Release|x64.ActiveCfg = Release|x64
		{13D64A61-B5C6-47BB-AED6-1A9164B8F50F}.Release|x64.Build.0 = Release|x64
		{13D64A61-B5C6-47BB-AED6-1A9164B8F50F}.Release|x86.ActiveCfg = Release|Win32
		{13D64A61-B5C6-47BB-AED6-1A9164B8F50F}.Release|x86.Build.0 = Release|Win32
		{AE9D44E4-4F1F-4125-8AFA-6C829FEE61DC}.Debug|x64.ActiveCfg = Debug|x64
		{AE9D44E4-4F1F-4125-8AFA-6C829FEE61DC}.Debug|x64.Build.0 = Debug|x64
		{AE9D44E4-4F1F-4125-8AFA-6C829FEE61DC}.Debug|x86.ActiveCfg = Debug|Win32
		{AE9D44E4-4F1F-4125-8AFA-6C829FEE61DC}.Debug|x86.Build.0 = Debug|Win32
		{AE9D44E4-4F1F-4125-8AFA-6C829FEE61DC}.Release|x64.ActiveCfg = Release|x64
		{AE9D44E4-4F1F-4125-8AFA-6C829FEE61DC}.Release|x64.Build.0 = Release|x64
		{AE9D44E4-4F1F-4125-8AFA-6C829FEE61DC}.Release|x86.ActiveCfg = Release|Win32
		{AE9D44E4-4F1F-4125-8AFA-6C829FEE61DC}.Release|x86.Build.0 = Release|Win32
		{B3D13383-D90C-4CF8-89C0-88E354A0819A}.Debug|x64.ActiveCfg = Debug|x64
		{B3D13383-D90C-4CF8-89C0-88E354A0819A}.Debug|x64.Build.0 = Debug|x64
		{B3D13383-D90C-4CF8-89C0-88E354A0819A}.Debug|x86.ActiveCfg = Debug|Win32
		{B3D13383-D90C-4CF8-89C0-88E354A0819A}.Debug|x86.Build.0 = Debug|Win32
		{B3D13383-D90C-4CF8-89C0-88E354A0819A}.Release|x64.ActiveCfg = Release|x64
		{B3D13383-D90C-4CF8-89C0-88E354A0819A}.Release|x64.Build.0 = Release|x64
		{B3D13383-D90C-4CF8-89C0-88E354A0819A}.Release|x86.ActiveCfg = Release|Win32
		{B3D13383-D90C-4CF8-89C0-88E354A0819A}.Release|x86.Build.0 = Release|Win32
		{AB64949D-BEC6-40FB-92B5-DE3465F1BA66}.Debug|x64.ActiveCfg = Debug|x64
		{AB64949D-BEC6-40FB-92B5-DE3465F1BA66}.Debug|x64.Build.0 = Debug|x64
		{AB64949D-BEC6-40FB-92B5-DE3465F1BA66}.Debug|x86.ActiveCfg = Debug|Win32
		{AB64949D-BEC6-40FB-92B5-DE3465F1BA66}.Debug|x86.Build.0 = Debug|Win32
		{AB64949D-BEC6-40FB-92B5-DE3465F1BA66}.Release|x64.ActiveCfg = Release|x64
		{AB64949D-BEC6-40FB-92B5-DE3465F1BA66}.Release|x64.Build.0 = Release|x64
		{AB64949D-BEC6-40FB-92B5-DE3465F1BA66}.Release|x86.ActiveCfg = Release|Win32
		{AB64949D-BEC6-40FB-92B5-DE3465F1BA66}.Release|x86.Build.0 = Release|Win32
		{276C0AE2-2FAD-4817-B874-2B3D0E6D517A}.Debug|x64.ActiveCfg = Debug|x64
		{276C0AE2-2FAD-4817-B874-2B3D0E6D517A}.Debug|x64.Build.0 = Debug|x64
		{276C0AE2-2FAD-4817-B874-2B3D0E6D517A}.Debug|x86.ActiveCfg = Debug|Win32
		{276C0AE2-2FAD-4817-B874-2B3D0E6D517A}.Debug|x86.Build.0 = Debug|Win32
		{276C0AE2-2FAD-4817-B874-2B3D0E6D517A}.Release|x64.ActiveCfg = Release|x64
		{276C0AE2-2FAD-4817-B874-2B3D0E6D517A}.Release|x64.Build.0 = Release|x64
		{276C0AE2-2FAD-4817-B874-2B3D0E6D517A}.Release|x86.ActiveCfg = Release|Win32
		{276C0AE2-2FAD-4817-B874-2B3D0E6D517A}.Release|x86.Build.0 = Release|Win32
		{63B70875-EB7B-47DF-8BD0-25A0203D92F0}.Debug|x64.ActiveCfg = Debug|x64
		{63B70875-EB7B-47DF-8BD0-25A0203D92F0}.Debug|x64.Build.0 = Debug|x64
		{63B70875-EB7B-47DF-8BD0-25A0203D92F0}.Debug|x86.ActiveCfg = Debug|Win32
		{63B70875-EB7B-47DF-8BD0-25A0203D92F0}.Debug|x86.Build.0 = Debug|Win32
		{63B70875-EB7B-47DF-8BD0-25A0203D92F0}.Release|x64.ActiveCfg = Release|x64
		{63B70875-EB7B-47DF-8BD0-25A0203D92F0}.Release|x64.Build.0 = Release|x64
		{63B70875-EB7B-47DF-8BD0-25A0203D92F0}.Release|x86.ActiveCfg = Release|Win32
		{63B70875-EB7B-47DF-8BD0-25A0203D92F0}.Release|x86.Build.0 = Release|Win32
		{073CA115-D90D-443B-B4BE-3F71C0124836}.Debug|x64.ActiveCfg = Debug|x64
		{073CA115-D90D-443B-B4BE-3F71C0124836}.Debug|x64.Build.0 = Debug|x64
		{073CA115-D90D-443B-B4BE-3F71C0124836}.Debug|x86.ActiveCfg = Debug|Win32
		{073CA115-D90D-443B-B4BE-3F71C0124836}.Debug|x86.Build.0 = Debug|Win32
		{073CA115-D90D-443B-B4BE-3F71C0124836}.Release|x64.ActiveCfg = Release|x64
		{073CA115-D90D-443B-B4BE-3F71C0124836}.Release|x64.Build.0 = Release|x64
		{073CA115-D90D-443B-B4BE-3F71C0124836}.Release|x86.ActiveCfg = Release|Win32
		{073CA115-D90D-443B-B4BE-3F71C0124836}.Release|x86.Build.0 = Release|Win32
		{811DBF1B-061C-4778-AD11-C05775070DED}.Debug|x64.ActiveCfg = Debug|x64
		{811DBF1B-061C-4778-AD11-C05775070DED}.Debug|x64.Build.0 = Debug|x64
		{811DBF1B-061C-4778-AD11-C05775070DED}.Debug|x86.ActiveCfg = Debug|Win32
		{811DBF1B-061C-4778-AD11-C05775070DED}.Debug|x86.Build.0 = Debug|Win32
		{811DBF1B-061C-4778-AD11-C05775070DED}.Release|x64.ActiveCfg = Release|x64
		{811DBF1B-061C-4778-AD11-C05775070DED}.Release|x64.Build.0 = Release|x64
		{811DBF1B-061C-4778-AD11-C05775070DED}.Release|x86.ActiveCfg = Release|Win32
		{811DBF1B-061C-4778-AD11-C05775070DED}.Release|x86.Build.0 = Release|Win32
		{AACB2134-9CE9-4CBD-A007-9B9655D7D2DE}.Debug|x64.ActiveCfg = Debug|x64
		{AACB2134-9CE9-4CBD-A007-9B9655D7D2DE}.Debug|x64.Build.0 = Debug|x64
		{AACB2134-9CE9-4CBD-A007-9B9655D7D2DE}.Debug|x86.ActiveCfg = Debug|Win32
		{AACB2134-9CE9-4CBD-A007-9B9655D7D2DE}.Debug|x86.Build.0 = Debug|Win32
		{AACB2134-9CE9-4CBD-A007-9B9655D7D2DE}.Release|x64.ActiveCfg = Release|x64
		{AACB2134-9CE9-4CBD-A007-9B9655D7D2DE}.Release|x64.Build.0 = Release|x64
		{AACB2134-9CE9-4CBD-A007-9B9655D7D2DE}.Release|x86.ActiveCfg = Release|Win32
		{AACB2134-9CE9-4CBD-A007-9B9655D7D2DE}.Release|x86.Build.0 = Release|Win32
		{7B915FFE-976B-4427-AEC8-24FDBEC8EEEE}.Debug|x64.ActiveCfg = Debug|x64
		{7B915FFE-976B-4427-AEC8-24FDBEC8EEEE}.Debug|x64.Build.0 = Debug|x64
		{7B915FFE-976B-4427-AEC8-24FDBEC8EEEE}.Debug|x86.ActiveCfg = Debug|Win32
		{7B915FFE-976B-4427-AEC8-24FDBEC8EEEE}.Debug|x86.Build.0 = Debug|Win32
		{7B915FFE-976B-4427-AEC8-24FDBEC8EEEE}.Release|x64.ActiveCfg = Release|x64
		{7B915FFE-976B-4427-AEC8-24FDBEC8EEEE}.Release|x64.Build.0 = Release|x64
		{7B915FFE-976B-4427-AEC8-24FDBEC8EEEE}.Release|x86.ActiveCfg = Release|Win32
		{7B915FFE-976B-4427-AEC8-24FDBEC8EEEE}.Release|x86.Build.0 = Release|Win32
		{BB1BCB5F-8B0C-4BCC-90F0-22FF38296705}.Debug|x64.ActiveCfg = Debug|x64
		{BB1BCB5F-8B0C-4BCC-90F0-22FF38296705}.Debug|x64.Build.0 = Debug|x64
		{BB1BCB5F-8B0C-4BCC-90F0-22FF38296705}.Debug|x86.ActiveCfg = Debug|Win32
		{BB1BCB5F-8B0C-4BCC-90F0-22FF38296705}.Debug|x86.Build.0 = Debug|Win32
		{BB1BCB5F-8B0C-4BCC-90F0-22FF38296705}.Release|x64.ActiveCfg = Release|x64
		{BB1BCB5F-8B0C-4BCC-90F0-22FF38296705}.Release|x64.Build.0 = Release|x64
		{BB1BCB5F-8B0C-4BCC-90F0-22FF38296705}.Release|x86.ActiveCfg = Release|Win32
		{BB1BCB5F-8B0C-4BCC-90F0-22FF38296705}.Release|x86.Build.0 = Release|Win32
		{0518F31C-BB73-4965-81AB-067E2BBF8043}.Debug|x64.ActiveCfg = Debug|x64
		{0518F31C-BB73-4965-81AB-067E2BBF8043}.Debug|x64.Build.0 = Debug|x64
		{0518F31C-BB73-4965-81AB-067E2BBF8043}.Debug|x86.ActiveCfg = Debug|Win32
		{0518F31C-BB73-4965-81AB-067E2BBF8043}.Debug|x86.Build.0 = Debug|Win32
		{0518F31C-BB73-4965-81AB-067E2BBF8043}.Release|x64.ActiveCfg = Release|x64
		{0518F31C-BB73-4965-81AB-067E2BBF8043}.Release|x64.Build.0 = Release|x64
		{0518F31C-BB73-4965-81AB-067E2BBF8043}.Release|x86.ActiveCfg = Release|Win32
		{0518F31C-BB73-4965-81AB-067E2BBF8043}.Release|x86.Build.0 = Release|Win32
		{F85449A5-6B95-4203-B5D1-CC4E17B2CFAD}.Debug|x64.ActiveCfg = Debug|x64
		{F85449A5-6B95-4203-B5D1-CC4E17B2CFAD}.Debug|x64.Build.0 = Debug|x64
		{F85449A5-6B95-4203-B5D1-CC4E17B2CFAD}.Debug|x86.ActiveCfg = Debug|Win32
		{F85449A5-6B95-4203-B5D1-CC4E17B2CFAD}.Debug|x86.Build.0 = Debug|Win32
		{F85449A5-6B95-4203-B5D1-CC4E17B2CFAD}.Release|x64.ActiveCfg = Release|x64
		{F85449A5-6B95-4203-B5D1-CC4E17B2CFAD}.Release|x64.Build.0 = Release|x64
		{F85449A5-6B95-4203-B5D1-CC4E17B2CFAD}.Release|x86.ActiveCfg = Release|Win32
		{F85449A5-6B95-4203-B5D1-CC4E17B2CFAD}.Release|x86.Build.0 = Release|Win32
		{1313D3CE-4F5A-4440-817B-A149CD5AB4E5}.Debug|x64.ActiveCfg = Debug|x64
		{1313D3CE-4F5A-4440-817B-A149CD5AB4E5}.Debug|x64.Build.0 = Debug|x64
		{1313D3CE-4F5A-4440-817B-A149CD5AB4E5}.Debug|x86.ActiveCfg = Debug|Win32
		{1313D3CE-4F5A-4440-817B-A149CD5AB4E5}.Debug|x86.Build.0 = Debug|Win32
		{1313D3CE-4F5A-4440-817B-A149CD5AB4E5}.Release|x64.ActiveCfg = Release|x64
		{1313D3CE-4F5A-4440-817B-A149CD5AB4E5}.Release|x64.Build.0 = Release|x64
		{1313D3CE-4F5A-4440-817B-A149CD5AB4E5}.Release|x86.ActiveCfg = Release|Win32
		{1313D3CE-4F5A-4440-817B-A149CD5AB4E5}.Release|x86.Build.0 = Release|Win32
		{7DFAFE68-76FF-4F72-A347-463AD110D1F1}.Debug|x64.ActiveCfg = Debug|x64
		{7DFAFE68-76FF-4F72-A347-463AD110D1F1}.Debug|x64.Build.0 = Debug|x64
		{7DFAFE68-76FF-4F72-A347-463AD110D1F1}.Debug|x86.ActiveCfg = Debug|Win32
		{7DFAFE68-76FF-4F72-A347-463AD110D1F1}.Debug|x86.Build.0 = Debug|Win32
		{7DFAFE68-76FF-4F72-A347-463AD110D1F1}.Release|x64.ActiveCfg = Release|x64
		{7DFAFE68-76FF-4F72-A347-463AD110D1F1}.Release|x64.Build.0 = Release|x64
		{7DFAFE68-76FF-4F72-A347-463AD110D1F1}.Release|x86.ActiveCfg = Release|Win32
		{7DFAFE68-76FF-4F72-A347-463AD110D1F1}.Release|x86.Build.0 = Release|Win32
		{03B187FB-E73D-485E-8D9D-409FDB6E7EBD}.Debug|x64.ActiveCfg = Debug|x64
		{03B187FB-E73D-485E-8D9D-409FDB6E7EBD}.Debug|x64.Build.0 = Debug|x64
		{03B187FB-E73D-485E-8D9D-409FDB6E7EBD}.Debug|x86.ActiveCfg = Debug|Win32
		{03B187FB-E73D-485E-8D9D-409FDB6E7EBD}.Debug|x86.Build.0 = Debug|Win32
		{03B187FB-E73D-485E-8D9D-409FDB6E7EBD}.Release|x64.ActiveCfg = Release|x64
		{03B187FB-E73D-485E-8D9D-409FDB6E7EBD}.Release|x64.Build.0 = Release|x64
		{03B187FB-E73D-485E-8D9D-409FDB6E7EBD}.Release|x86.ActiveCfg = Release|Win32
		{03B187FB-E73D-485E-8D9D-409FDB6E7EBD}.Release|x86.Build.0 = Release|Win32
		{3E1A81AB-C365-42E6-9FE4-6509C6B488F0}.Debug|x64.ActiveCfg = Debug|x64
		{3E1A81AB-C365-42E6-9FE4-6509C6B488F0}.Debug|x64.Build.0 = Debug|x64
		{3E1A81AB-C365-42E6-9FE4-6509C6B488F0}.Debug|x86.ActiveCfg = Debug|Win32
		{3E1A81AB-C365-42E6-9FE4-6509C6B488F0}.Debug|x86.Build.0 = Debug|Win32
		{3E1A81AB-C365-42E6-9FE4-6509C6B488F0}.Release|x64.ActiveCfg = Release|x64
		{3E1A81AB-C365-42E6-9FE4-6509C6B488F0}.Release|x64.Build.0 = Release|x64
		{3E1A81AB-C365-42E6-9FE4-6509C6B488F0}.Release|x86.ActiveCfg = Release|Win32
		{3E1A81AB-C365-42E6-9FE4-6509C6B488F0}.Release|x86.Build.0 = Release|Win32
		{F4F4C576-818C-4CDB-8DB8-B2142849A673}.Debug|x64.ActiveCfg = Debug|x64
		{F4F4C576-818C-4CDB-8DB8-B2142849A673}.Debug|x64.Build.0 = Debug|x64
		{F4F4C576-818C-4CDB-8DB8-B2142849A673}.Debug|x86.ActiveCfg = Debug|Win32
		{F4F4C576-818C-4CDB-8DB8-B2142849A673}.Debug|x86.Build.0 = Debug|Win32
		{F4F4C576-818C-4CDB-8DB8-B2142849A673}.Release|x64.ActiveCfg = Release|x64
		{F4F4C576-818C-4CDB-8DB8-B2142849A673}.Release|x64.Build.0 = Release|x64
		{F4F4C576-818C-4CDB-8DB8-B2142849A673}.Release|x86.ActiveCfg = Release|Win32
		{F4F4C576-818C-4CDB-8DB8-B2142849A673}.Release|x86.Build.0 = Release|Win32
		{2E9424CC-74B2-464D-82D2-2084B70749E3}.Debug|x64.ActiveCfg = Debug|x64
		{2E9424CC-74B2-464D-82D2-2084B70749E3}.Debug|x64.Build.0 = Debug|x64
		{2E9424CC-74B2-464D-82D2-2084B70749E3}.Debug|x86.ActiveCfg = Debug|Win32
		{2E9424CC-74B2-464D-82D2-2084B70749E3}.Debug|x86.Build.0 = Debug|Win32
		{2E9424CC-74B2-464D-82D2-2084B70749E3}.Release|x64.ActiveCfg = Release|x64
		{2E9424CC-74B2-464D-82D2-2084B70749E3}.Release|x64.Build.0 = Release|x64
		{2E9424CC-74B2-464D-82D2-2084B70749E3}.Release|x86.ActiveCfg = Release|Win32
		{2E9424CC-74B2-464D-82D2-2084B70749E3}.Release|x86.Build.0 = Release|Win32
		{1CD7A1F6-A82F-4895-9E63-1CA5BD340E43}.Debug|x64.ActiveCfg = Debug|x64
		{1CD7A1F6-A82F-4895-9E63-1CA5BD340E43}.Debug|x64.Build.0 = Debug|x64
		{1CD7A1F6-A82F-4895-9E63-1CA5BD340E43}.Debug|x86.ActiveCfg = Debug|Win32
		{1CD7A1F6-A82F-4895-9E63-1CA5BD340E43}.Debug|x86.Build.0 = Debug|Win32
		{1CD7A1F6-A82F-4895-9E63-1CA5BD340E43}.Release|x64.ActiveCfg = Release|x64
		{1CD7A1F6-A82F-4895-9E63-1CA5BD340E43}.Release|x64.Build.0 = Release|x64
		{1CD7A1F6-A82F-4895-9E63-1CA5BD340E43}.Release|x86.ActiveCfg = Release|Win32
		{1CD7A1F6-A82F-4895-9E63-1CA5BD340E43}.Release|x86.Build.0 = Release|Win32
		{973E731E-8F01-41CF-BF29-CEC186F39075}.Debug|x64.ActiveCfg = Debug|x64
		{973E731E-8F01-41CF-BF29-CEC186F39075}.Debug|x64.Build.0 = Debug|x64
		{973E731E-8F01-41CF-BF29-CEC186F39075}.Debug|x86.ActiveCfg = Debug|Win32
		{973E731E-8F01-41CF-BF29-CEC186F39075}.Debug|x86.Build.0 = Debug|Win32
		{973E731E-8F01-41CF-BF29-CEC186F39075}.Release|x64.ActiveCfg = Release|x64
		{973E731E-8F01-41CF-BF29-CEC186F39075}.Release|x64.Build.0 = Release|x64
		{973E731E-8F01-41CF-BF29-CEC186F39075}.Release|x86.ActiveCfg = Release|Win32
		{973E731E-8F01-41CF-BF29-CEC186F39075}.Release|x86.Build.0 = Release|Win32
		{17DD28C5-DBBB-4859-83B1-749B5ABBFDE8}.Debug|x64.ActiveCfg = Debug|x64
		{17DD28C5-DBBB-4859-83B1-749B5ABBFDE8}.Debug|x64.Build.0 = Debug|x64
		{17DD28C5-DBBB-4859-83B1-749B5ABBFDE8}.Debug|x86.ActiveCfg = Debug|Win32
		{17DD28C5-DBBB-4859-83B1-749B5ABBFDE8}.Debug|x86.Build.0 = Debug|Win32
		{17DD28C5-DBBB-4859-83B1-749B5ABBFDE8}.Release|x64.ActiveCfg = Release|x64
		{17DD28C5-DBBB-4859-83B1-749B5ABBFDE8}.Release|x64.Build.0 = Release|x64
		{17DD28C5-DBBB-4859-83B1-749B5ABBFDE8}.Release|x86.ActiveCfg = Release|Win32
		{17DD28C5-DBBB-4859-83B1-749B5ABBFDE8}.Release|x86.Build.0 = Release|Win32
		{1196D78F-E753-46BC-86A2-7EBD451BE466}.Debug|x64.ActiveCfg = Debug|x64
		{1196D78F-E753-46BC-86A2-7EBD451BE466}.Debug|x64.Build.0 = Debug|x64
		{1196D78F-E753-46BC-86A2-7EBD451BE466}.Debug|x86.ActiveCfg = Debug|Win32
		{1196D78F-E753-46BC-86A2-7EBD451BE466}.Debug|x86.Build.0 = Debug|Win32
		{1196D78F-E753-46BC-86A2-7EBD451BE466}.Release|x64.ActiveCfg = Release|x64
		{1196D78F-E753-46BC-86A2-7EBD451BE466}.Release|x64.Build.0 = Release|x64
		{1196D78F-E753-46BC-86A2-7EBD451BE466}.Release|x86.ActiveCfg = Release|Win32
		{1196D78F-E753-46BC-86A2-7EBD451BE466}.Release|x86.Build.0 = Release|Win32
		{93D2D074-703E-4384-9F1B-B1DE1245B7D0}.Debug|x64.ActiveCfg = Debug|x64
		{93D2D074-703E-4384-9F1B-B1DE1245B7D0}.Debug|x64.Build.0 = Debug|x64
		{93D2D074-703E-4384-9F1B-B1DE1245B7D0}.Debug|x86.ActiveCfg = Debug|Win32
		{93D2D074-703E-4384-9F1B-B1DE1245B7D0}.Debug|x86.Build.0 = Debug|Win32
		{93D2D074-703E-4384-9F1B-B1DE1245B7D0}.Release|x64.ActiveCfg = Release|x64
		{93D2D074-703E-4384-9F1B-B1DE1245B7D0}.Release|x64.Build.0 = Release|x64
		{93D2D074-703E-4384-9F1B-B1DE1245B7D0}.Release|x86.ActiveCfg = Release|Win32
		{93D2D074-703E-4384-9F1B-B1DE1245B7D0}.Release|x86.Build.0 = Release|Win32
	EndGlobalSection
	GlobalSection(SolutionProperties) = preSolution
		HideSolutionNode = FALSE
	EndGlobalSection
	GlobalSection(ExtensibilityGlobals) = postSolution
		SolutionGuid = {0E3C90D9-7CCE-43CC-A0F5-423E639C6354}
	EndGlobalSection
EndGlobal
